<?xml version="1.0" encoding="utf-8"?>
<Project ToolsVersion="4.0" xmlns="http://schemas.microsoft.com/developer/msbuild/2003">
  <ItemGroup>
    <Filter Include="Source Files">
      <UniqueIdentifier>{4FC737F1-C7A5-4376-A066-2A32D752A2FF}</UniqueIdentifier>
      <Extensions>cpp;c;cc;cxx;def;odl;idl;hpj;bat;asm;asmx</Extensions>
    </Filter>
    <Filter Include="Header Files">
      <UniqueIdentifier>{93995380-89BD-4b04-88EB-625FBE52EBFB}</UniqueIdentifier>
      <Extensions>h;hh;hpp;hxx;hm;inl;inc;ipp;xsd</Extensions>
    </Filter>
    <Filter Include="Resource Files">
      <UniqueIdentifier>{67DA6AB6-F800-4c08-8B7A-83BB121AAD01}</UniqueIdentifier>
      <Extensions>rc;ico;cur;bmp;dlg;rc2;rct;bin;rgs;gif;jpg;jpeg;jpe;resx;tiff;tif;png;wav;mfcribbon-ms</Extensions>
    </Filter>
    <Filter Include="Source Files\Ideas">
      <UniqueIdentifier>{e66dbf91-8b97-4384-8b22-93ffd6536820}</UniqueIdentifier>
    </Filter>
  </ItemGroup>
  <ItemGroup>
    <ClCompile Include="Include\Reflector.cpp">
      <Filter>Header Files</Filter>
    </ClCompile>
    <ClCompile Include="Source\Attributes.cpp">
      <Filter>Source Files</Filter>
    </ClCompile>
    <ClCompile Include="Source\Common.cpp">
      <Filter>Source Files</Filter>
    </ClCompile>
    <ClCompile Include="Source\DB.cpp">
      <Filter>Source Files</Filter>
    </ClCompile>
    <ClCompile Include="Source\Documentation.cpp">
      <Filter>Source Files</Filter>
    </ClCompile>
    <ClCompile Include="Source\FileWriter.cpp">
      <Filter>Source Files</Filter>
    </ClCompile>
    <ClCompile Include="Source\main.cpp">
      <Filter>Source Files</Filter>
    </ClCompile>
    <ClCompile Include="Source\Options.cpp">
      <Filter>Source Files</Filter>
    </ClCompile>
    <ClCompile Include="Source\Parse.cpp">
      <Filter>Source Files</Filter>
    </ClCompile>
    <ClCompile Include="Source\ReflectionDataBuilding.cpp">
      <Filter>Source Files</Filter>
    </ClCompile>
    <ClCompile Include="Ideas\States.cpp">
      <Filter>Source Files\Ideas</Filter>
    </ClCompile>
    <ClCompile Include="Ideas\Tables.cpp">
      <Filter>Source Files\Ideas</Filter>
    </ClCompile>
    <ClCompile Include="Ideas\RandomIdeas.cpp">
      <Filter>Source Files\Ideas</Filter>
    </ClCompile>
    <ClCompile Include="Ideas\RPC.cpp">
      <Filter>Source Files\Ideas</Filter>
    </ClCompile>
    <ClCompile Include="Ideas\ECS.cpp">
      <Filter>Source Files\Ideas</Filter>
    </ClCompile>
    <ClCompile Include="Ideas\DI.cpp">
      <Filter>Source Files\Ideas</Filter>
    </ClCompile>
    <ClCompile Include="Ideas\Hierarchies.cpp">
      <Filter>Source Files\Ideas</Filter>
    </ClCompile>
  </ItemGroup>
  <ItemGroup>
    <ClInclude Include="Include\ReflectorClasses.h">
      <Filter>Header Files</Filter>
    </ClInclude>
    <ClInclude Include="Include\ReflectorUtils.h">
      <Filter>Header Files</Filter>
    </ClInclude>
    <ClInclude Include="Include\ReflectorGC.h">
      <Filter>Header Files</Filter>
    </ClInclude>
    <ClInclude Include="Source\DummyReflector.h">
      <Filter>Source Files</Filter>
    </ClInclude>
    <ClInclude Include="Source\FileWriter.h">
      <Filter>Source Files</Filter>
    </ClInclude>
    <ClInclude Include="Source\Options.h">
      <Filter>Source Files</Filter>
    </ClInclude>
    <ClInclude Include="Source\Parse.h">
      <Filter>Source Files</Filter>
    </ClInclude>
    <ClInclude Include="Source\ReflectionDataBuilding.h">
      <Filter>Source Files</Filter>
    </ClInclude>
    <ClInclude Include="Source\Attributes.h">
      <Filter>Source Files</Filter>
    </ClInclude>
    <ClInclude Include="Source\Common.h">
      <Filter>Source Files</Filter>
    </ClInclude>
    <ClInclude Include="Source\Documentation.h">
      <Filter>Source Files</Filter>
    </ClInclude>
  </ItemGroup>
  <ItemGroup>
    <None Include="vcpkg.json" />
    <None Include="CODE_OF_CONDUCT.md" />
    <None Include="LICENSE" />
    <None Include="README.md" />
    <None Include="AttributeIdeas.md" />
    <None Include="options_reflection.json" />
    <None Include="documentation_default_css.json" />
    <None Include="cpp.hint" />
  </ItemGroup>
  <ItemGroup>
    <Text Include="todo.txt" />
  </ItemGroup>
</Project>